// !$*UTF8*$!
{
	archiveVersion = 1;
	classes = {
	};
	objectVersion = 46;
	objects = {

/* Begin PBXBuildFile section */
		1DAC38901BD3433700578AE3 /* main.m in Sources */ = {isa = PBXBuildFile; fileRef = 1DAC388F1BD3433700578AE3 /* main.m */; };
		1DAC38931BD3433700578AE3 /* AppDelegate.m in Sources */ = {isa = PBXBuildFile; fileRef = 1DAC38921BD3433700578AE3 /* AppDelegate.m */; };
		1DAC38991BD3433700578AE3 /* Main.storyboard in Resources */ = {isa = PBXBuildFile; fileRef = 1DAC38971BD3433700578AE3 /* Main.storyboard */; };
		1DAC389B1BD3433700578AE3 /* Images.xcassets in Resources */ = {isa = PBXBuildFile; fileRef = 1DAC389A1BD3433700578AE3 /* Images.xcassets */; };
		1DAC389E1BD3433700578AE3 /* LaunchScreen.xib in Resources */ = {isa = PBXBuildFile; fileRef = 1DAC389C1BD3433700578AE3 /* LaunchScreen.xib */; };
		1DAC38AA1BD3433700578AE3 /* slypTests.m in Sources */ = {isa = PBXBuildFile; fileRef = 1DAC38A91BD3433700578AE3 /* slypTests.m */; };
		1DAC38BB1BD3460000578AE3 /* BaseViewController.m in Sources */ = {isa = PBXBuildFile; fileRef = 1DAC38BA1BD3460000578AE3 /* BaseViewController.m */; };
		1DAC38C31BD347D600578AE3 /* BlurredColorBackgroundView.m in Sources */ = {isa = PBXBuildFile; fileRef = 1DAC38C21BD347D600578AE3 /* BlurredColorBackgroundView.m */; };
		1DE178A71BD5DBDD002E63BB /* ColorManager.m in Sources */ = {isa = PBXBuildFile; fileRef = 1DE178A61BD5DBDD002E63BB /* ColorManager.m */; };
/* End PBXBuildFile section */

/* Begin PBXContainerItemProxy section */
		1DAC38A41BD3433700578AE3 /* PBXContainerItemProxy */ = {
			isa = PBXContainerItemProxy;
			containerPortal = 1DAC38821BD3433600578AE3 /* Project object */;
			proxyType = 1;
			remoteGlobalIDString = 1DAC38891BD3433600578AE3;
			remoteInfo = slyp;
		};
/* End PBXContainerItemProxy section */

/* Begin PBXFileReference section */
		1DAC388A1BD3433700578AE3 /* slyp.app */ = {isa = PBXFileReference; explicitFileType = wrapper.application; includeInIndex = 0; path = slyp.app; sourceTree = BUILT_PRODUCTS_DIR; };
		1DAC388E1BD3433700578AE3 /* Info.plist */ = {isa = PBXFileReference; lastKnownFileType = text.plist.xml; path = Info.plist; sourceTree = "<group>"; };
		1DAC388F1BD3433700578AE3 /* main.m */ = {isa = PBXFileReference; lastKnownFileType = sourcecode.c.objc; path = main.m; sourceTree = "<group>"; };
		1DAC38911BD3433700578AE3 /* AppDelegate.h */ = {isa = PBXFileReference; lastKnownFileType = sourcecode.c.h; path = AppDelegate.h; sourceTree = "<group>"; };
		1DAC38921BD3433700578AE3 /* AppDelegate.m */ = {isa = PBXFileReference; lastKnownFileType = sourcecode.c.objc; path = AppDelegate.m; sourceTree = "<group>"; };
		1DAC38981BD3433700578AE3 /* Base */ = {isa = PBXFileReference; lastKnownFileType = file.storyboard; name = Base; path = Base.lproj/Main.storyboard; sourceTree = "<group>"; };
		1DAC389A1BD3433700578AE3 /* Images.xcassets */ = {isa = PBXFileReference; lastKnownFileType = folder.assetcatalog; path = Images.xcassets; sourceTree = "<group>"; };
		1DAC389D1BD3433700578AE3 /* Base */ = {isa = PBXFileReference; lastKnownFileType = file.xib; name = Base; path = Base.lproj/LaunchScreen.xib; sourceTree = "<group>"; };
		1DAC38A31BD3433700578AE3 /* slypTests.xctest */ = {isa = PBXFileReference; explicitFileType = wrapper.cfbundle; includeInIndex = 0; path = slypTests.xctest; sourceTree = BUILT_PRODUCTS_DIR; };
		1DAC38A81BD3433700578AE3 /* Info.plist */ = {isa = PBXFileReference; lastKnownFileType = text.plist.xml; path = Info.plist; sourceTree = "<group>"; };
		1DAC38A91BD3433700578AE3 /* slypTests.m */ = {isa = PBXFileReference; lastKnownFileType = sourcecode.c.objc; path = slypTests.m; sourceTree = "<group>"; };
		1DAC38B91BD3460000578AE3 /* BaseViewController.h */ = {isa = PBXFileReference; fileEncoding = 4; lastKnownFileType = sourcecode.c.h; path = BaseViewController.h; sourceTree = "<group>"; };
		1DAC38BA1BD3460000578AE3 /* BaseViewController.m */ = {isa = PBXFileReference; fileEncoding = 4; lastKnownFileType = sourcecode.c.objc; path = BaseViewController.m; sourceTree = "<group>"; };
		1DAC38C11BD347D600578AE3 /* BlurredColorBackgroundView.h */ = {isa = PBXFileReference; fileEncoding = 4; lastKnownFileType = sourcecode.c.h; path = BlurredColorBackgroundView.h; sourceTree = "<group>"; };
		1DAC38C21BD347D600578AE3 /* BlurredColorBackgroundView.m */ = {isa = PBXFileReference; fileEncoding = 4; lastKnownFileType = sourcecode.c.objc; path = BlurredColorBackgroundView.m; sourceTree = "<group>"; };
		1DAC38C41BD348D900578AE3 /* slyp-prefix.h */ = {isa = PBXFileReference; lastKnownFileType = sourcecode.c.h; path = "slyp-prefix.h"; sourceTree = "<group>"; };
		1DE178A51BD5DBDD002E63BB /* ColorManager.h */ = {isa = PBXFileReference; fileEncoding = 4; lastKnownFileType = sourcecode.c.h; path = ColorManager.h; sourceTree = "<group>"; };
		1DE178A61BD5DBDD002E63BB /* ColorManager.m */ = {isa = PBXFileReference; fileEncoding = 4; lastKnownFileType = sourcecode.c.objc; path = ColorManager.m; sourceTree = "<group>"; };
		1DE178A91BD5DC6D002E63BB /* SingletonTemplate.h */ = {isa = PBXFileReference; fileEncoding = 4; lastKnownFileType = sourcecode.c.h; path = SingletonTemplate.h; sourceTree = "<group>"; };
/* End PBXFileReference section */

/* Begin PBXFrameworksBuildPhase section */
		1DAC38871BD3433600578AE3 /* Frameworks */ = {
			isa = PBXFrameworksBuildPhase;
			buildActionMask = 2147483647;
			files = (
			);
			runOnlyForDeploymentPostprocessing = 0;
		};
		1DAC38A01BD3433700578AE3 /* Frameworks */ = {
			isa = PBXFrameworksBuildPhase;
			buildActionMask = 2147483647;
			files = (
			);
			runOnlyForDeploymentPostprocessing = 0;
		};
/* End PBXFrameworksBuildPhase section */

/* Begin PBXGroup section */
		1D6532BC1BD5D98700E7209C /* Managers */ = {
			isa = PBXGroup;
			children = (
				1DE178A51BD5DBDD002E63BB /* ColorManager.h */,
				1DE178A61BD5DBDD002E63BB /* ColorManager.m */,
			);
			path = Managers;
			sourceTree = "<group>";
		};
		1DAC38811BD3433600578AE3 = {
			isa = PBXGroup;
			children = (
				1DAC388C1BD3433700578AE3 /* slyp */,
				1DAC38A61BD3433700578AE3 /* slypTests */,
				1DAC388B1BD3433700578AE3 /* Products */,
			);
			sourceTree = "<group>";
		};
		1DAC388B1BD3433700578AE3 /* Products */ = {
			isa = PBXGroup;
			children = (
				1DAC388A1BD3433700578AE3 /* slyp.app */,
				1DAC38A31BD3433700578AE3 /* slypTests.xctest */,
			);
			name = Products;
			sourceTree = "<group>";
		};
		1DAC388C1BD3433700578AE3 /* slyp */ = {
			isa = PBXGroup;
			children = (
				1DAC38B41BD345BB00578AE3 /* Models */,
				1DAC38B81BD345BB00578AE3 /* Views */,
				1DAC38B31BD345BB00578AE3 /* Controllers */,
				1D6532BC1BD5D98700E7209C /* Managers */,
				1DAC38B51BD345BB00578AE3 /* Resources */,
				1DAC38B61BD345BB00578AE3 /* Util */,
				1DAC38B71BD345BB00578AE3 /* Vendor */,
				1DAC38911BD3433700578AE3 /* AppDelegate.h */,
				1DAC38921BD3433700578AE3 /* AppDelegate.m */,
				1DAC38971BD3433700578AE3 /* Main.storyboard */,
				1DAC389A1BD3433700578AE3 /* Images.xcassets */,
				1DAC389C1BD3433700578AE3 /* LaunchScreen.xib */,
				1DAC38C41BD348D900578AE3 /* slyp-prefix.h */,
				1DAC388D1BD3433700578AE3 /* Supporting Files */,
			);
			path = slyp;
			sourceTree = "<group>";
		};
		1DAC388D1BD3433700578AE3 /* Supporting Files */ = {
			isa = PBXGroup;
			children = (
				1DAC388E1BD3433700578AE3 /* Info.plist */,
				1DAC388F1BD3433700578AE3 /* main.m */,
			);
			name = "Supporting Files";
			sourceTree = "<group>";
		};
		1DAC38A61BD3433700578AE3 /* slypTests */ = {
			isa = PBXGroup;
			children = (
				1DAC38A91BD3433700578AE3 /* slypTests.m */,
				1DAC38A71BD3433700578AE3 /* Supporting Files */,
			);
			path = slypTests;
			sourceTree = "<group>";
		};
		1DAC38A71BD3433700578AE3 /* Supporting Files */ = {
			isa = PBXGroup;
			children = (
				1DAC38A81BD3433700578AE3 /* Info.plist */,
			);
			name = "Supporting Files";
			sourceTree = "<group>";
		};
		1DAC38B31BD345BB00578AE3 /* Controllers */ = {
			isa = PBXGroup;
			children = (
				1DAC38B91BD3460000578AE3 /* BaseViewController.h */,
				1DAC38BA1BD3460000578AE3 /* BaseViewController.m */,
			);
			path = Controllers;
			sourceTree = "<group>";
		};
		1DAC38B41BD345BB00578AE3 /* Models */ = {
			isa = PBXGroup;
			children = (
			);
			path = Models;
			sourceTree = "<group>";
		};
		1DAC38B51BD345BB00578AE3 /* Resources */ = {
			isa = PBXGroup;
			children = (
			);
			path = Resources;
			sourceTree = "<group>";
		};
		1DAC38B61BD345BB00578AE3 /* Util */ = {
			isa = PBXGroup;
			children = (
				1DE178A81BD5DC6D002E63BB /* SingleTon */,
			);
			path = Util;
			sourceTree = "<group>";
		};
		1DAC38B71BD345BB00578AE3 /* Vendor */ = {
			isa = PBXGroup;
			children = (
			);
			path = Vendor;
			sourceTree = "<group>";
		};
		1DAC38B81BD345BB00578AE3 /* Views */ = {
			isa = PBXGroup;
			children = (
				1DAC38BD1BD3467900578AE3 /* Commom */,
			);
			path = Views;
			sourceTree = "<group>";
		};
		1DAC38BD1BD3467900578AE3 /* Commom */ = {
			isa = PBXGroup;
			children = (
				1DAC38C11BD347D600578AE3 /* BlurredColorBackgroundView.h */,
				1DAC38C21BD347D600578AE3 /* BlurredColorBackgroundView.m */,
			);
			path = Commom;
			sourceTree = "<group>";
		};
		1DE178A81BD5DC6D002E63BB /* SingleTon */ = {
			isa = PBXGroup;
			children = (
				1DE178A91BD5DC6D002E63BB /* SingletonTemplate.h */,
			);
			path = SingleTon;
			sourceTree = "<group>";
		};
/* End PBXGroup section */

/* Begin PBXNativeTarget section */
		1DAC38891BD3433600578AE3 /* slyp */ = {
			isa = PBXNativeTarget;
			buildConfigurationList = 1DAC38AD1BD3433700578AE3 /* Build configuration list for PBXNativeTarget "slyp" */;
			buildPhases = (
				1DAC38861BD3433600578AE3 /* Sources */,
				1DAC38871BD3433600578AE3 /* Frameworks */,
				1DAC38881BD3433600578AE3 /* Resources */,
			);
			buildRules = (
			);
			dependencies = (
			);
			name = slyp;
			productName = slyp;
			productReference = 1DAC388A1BD3433700578AE3 /* slyp.app */;
			productType = "com.apple.product-type.application";
		};
		1DAC38A21BD3433700578AE3 /* slypTests */ = {
			isa = PBXNativeTarget;
			buildConfigurationList = 1DAC38B01BD3433700578AE3 /* Build configuration list for PBXNativeTarget "slypTests" */;
			buildPhases = (
				1DAC389F1BD3433700578AE3 /* Sources */,
				1DAC38A01BD3433700578AE3 /* Frameworks */,
				1DAC38A11BD3433700578AE3 /* Resources */,
			);
			buildRules = (
			);
			dependencies = (
				1DAC38A51BD3433700578AE3 /* PBXTargetDependency */,
			);
			name = slypTests;
			productName = slypTests;
			productReference = 1DAC38A31BD3433700578AE3 /* slypTests.xctest */;
			productType = "com.apple.product-type.bundle.unit-test";
		};
/* End PBXNativeTarget section */

/* Begin PBXProject section */
		1DAC38821BD3433600578AE3 /* Project object */ = {
			isa = PBXProject;
			attributes = {
				LastUpgradeCheck = 0630;
				ORGANIZATIONNAME = webigstudio;
				TargetAttributes = {
					1DAC38891BD3433600578AE3 = {
						CreatedOnToolsVersion = 6.3;
					};
					1DAC38A21BD3433700578AE3 = {
						CreatedOnToolsVersion = 6.3;
						TestTargetID = 1DAC38891BD3433600578AE3;
					};
				};
			};
			buildConfigurationList = 1DAC38851BD3433600578AE3 /* Build configuration list for PBXProject "slyp" */;
			compatibilityVersion = "Xcode 3.2";
			developmentRegion = English;
			hasScannedForEncodings = 0;
			knownRegions = (
				en,
				Base,
			);
			mainGroup = 1DAC38811BD3433600578AE3;
			productRefGroup = 1DAC388B1BD3433700578AE3 /* Products */;
			projectDirPath = "";
			projectRoot = "";
			targets = (
				1DAC38891BD3433600578AE3 /* slyp */,
				1DAC38A21BD3433700578AE3 /* slypTests */,
			);
		};
/* End PBXProject section */

/* Begin PBXResourcesBuildPhase section */
		1DAC38881BD3433600578AE3 /* Resources */ = {
			isa = PBXResourcesBuildPhase;
			buildActionMask = 2147483647;
			files = (
				1DAC38991BD3433700578AE3 /* Main.storyboard in Resources */,
				1DAC389E1BD3433700578AE3 /* LaunchScreen.xib in Resources */,
				1DAC389B1BD3433700578AE3 /* Images.xcassets in Resources */,
			);
			runOnlyForDeploymentPostprocessing = 0;
		};
		1DAC38A11BD3433700578AE3 /* Resources */ = {
			isa = PBXResourcesBuildPhase;
			buildActionMask = 2147483647;
			files = (
			);
			runOnlyForDeploymentPostprocessing = 0;
		};
/* End PBXResourcesBuildPhase section */

/* Begin PBXSourcesBuildPhase section */
		1DAC38861BD3433600578AE3 /* Sources */ = {
			isa = PBXSourcesBuildPhase;
			buildActionMask = 2147483647;
			files = (
				1DAC38931BD3433700578AE3 /* AppDelegate.m in Sources */,
				1DAC38C31BD347D600578AE3 /* BlurredColorBackgroundView.m in Sources */,
				1DE178A71BD5DBDD002E63BB /* ColorManager.m in Sources */,
				1DAC38BB1BD3460000578AE3 /* BaseViewController.m in Sources */,
				1DAC38901BD3433700578AE3 /* main.m in Sources */,
			);
			runOnlyForDeploymentPostprocessing = 0;
		};
		1DAC389F1BD3433700578AE3 /* Sources */ = {
			isa = PBXSourcesBuildPhase;
			buildActionMask = 2147483647;
			files = (
				1DAC38AA1BD3433700578AE3 /* slypTests.m in Sources */,
			);
			runOnlyForDeploymentPostprocessing = 0;
		};
/* End PBXSourcesBuildPhase section */

/* Begin PBXTargetDependency section */
		1DAC38A51BD3433700578AE3 /* PBXTargetDependency */ = {
			isa = PBXTargetDependency;
			target = 1DAC38891BD3433600578AE3 /* slyp */;
			targetProxy = 1DAC38A41BD3433700578AE3 /* PBXContainerItemProxy */;
		};
/* End PBXTargetDependency section */

/* Begin PBXVariantGroup section */
		1DAC38971BD3433700578AE3 /* Main.storyboard */ = {
			isa = PBXVariantGroup;
			children = (
				1DAC38981BD3433700578AE3 /* Base */,
			);
			name = Main.storyboard;
			sourceTree = "<group>";
		};
		1DAC389C1BD3433700578AE3 /* LaunchScreen.xib */ = {
			isa = PBXVariantGroup;
			children = (
				1DAC389D1BD3433700578AE3 /* Base */,
			);
			name = LaunchScreen.xib;
			sourceTree = "<group>";
		};
/* End PBXVariantGroup section */

/* Begin XCBuildConfiguration section */
		1DAC38AB1BD3433700578AE3 /* Debug */ = {
			isa = XCBuildConfiguration;
			buildSettings = {
				ALWAYS_SEARCH_USER_PATHS = NO;
				CLANG_CXX_LANGUAGE_STANDARD = "gnu++0x";
				CLANG_CXX_LIBRARY = "libc++";
				CLANG_ENABLE_MODULES = YES;
				CLANG_ENABLE_OBJC_ARC = YES;
				CLANG_WARN_BOOL_CONVERSION = YES;
				CLANG_WARN_CONSTANT_CONVERSION = YES;
				CLANG_WARN_DIRECT_OBJC_ISA_USAGE = YES_ERROR;
				CLANG_WARN_EMPTY_BODY = YES;
				CLANG_WARN_ENUM_CONVERSION = YES;
				CLANG_WARN_INT_CONVERSION = YES;
				CLANG_WARN_OBJC_ROOT_CLASS = YES_ERROR;
				CLANG_WARN_UNREACHABLE_CODE = YES;
				CLANG_WARN__DUPLICATE_METHOD_MATCH = YES;
				"CODE_SIGN_IDENTITY[sdk=iphoneos*]" = "iPhone Developer";
				COPY_PHASE_STRIP = NO;
				DEBUG_INFORMATION_FORMAT = "dwarf-with-dsym";
				ENABLE_STRICT_OBJC_MSGSEND = YES;
				GCC_C_LANGUAGE_STANDARD = gnu99;
				GCC_DYNAMIC_NO_PIC = NO;
				GCC_NO_COMMON_BLOCKS = YES;
				GCC_OPTIMIZATION_LEVEL = 0;
				GCC_PREPROCESSOR_DEFINITIONS = (
					"DEBUG=1",
					"$(inherited)",
				);
				GCC_SYMBOLS_PRIVATE_EXTERN = NO;
				GCC_WARN_64_TO_32_BIT_CONVERSION = YES;
				GCC_WARN_ABOUT_RETURN_TYPE = YES_ERROR;
				GCC_WARN_UNDECLARED_SELECTOR = YES;
				GCC_WARN_UNINITIALIZED_AUTOS = YES_AGGRESSIVE;
				GCC_WARN_UNUSED_FUNCTION = YES;
				GCC_WARN_UNUSED_VARIABLE = YES;
				IPHONEOS_DEPLOYMENT_TARGET = 8.3;
				MTL_ENABLE_DEBUG_INFO = YES;
				ONLY_ACTIVE_ARCH = YES;
				SDKROOT = iphoneos;
			};
			name = Debug;
		};
		1DAC38AC1BD3433700578AE3 /* Release */ = {
			isa = XCBuildConfiguration;
			buildSettings = {
				ALWAYS_SEARCH_USER_PATHS = NO;
				CLANG_CXX_LANGUAGE_STANDARD = "gnu++0x";
				CLANG_CXX_LIBRARY = "libc++";
				CLANG_ENABLE_MODULES = YES;
				CLANG_ENABLE_OBJC_ARC = YES;
				CLANG_WARN_BOOL_CONVERSION = YES;
				CLANG_WARN_CONSTANT_CONVERSION = YES;
				CLANG_WARN_DIRECT_OBJC_ISA_USAGE = YES_ERROR;
				CLANG_WARN_EMPTY_BODY = YES;
				CLANG_WARN_ENUM_CONVERSION = YES;
				CLANG_WARN_INT_CONVERSION = YES;
				CLANG_WARN_OBJC_ROOT_CLASS = YES_ERROR;
				CLANG_WARN_UNREACHABLE_CODE = YES;
				CLANG_WARN__DUPLICATE_METHOD_MATCH = YES;
				"CODE_SIGN_IDENTITY[sdk=iphoneos*]" = "iPhone Developer";
				COPY_PHASE_STRIP = NO;
				DEBUG_INFORMATION_FORMAT = "dwarf-with-dsym";
				ENABLE_NS_ASSERTIONS = NO;
				ENABLE_STRICT_OBJC_MSGSEND = YES;
				GCC_C_LANGUAGE_STANDARD = gnu99;
				GCC_NO_COMMON_BLOCKS = YES;
				GCC_WARN_64_TO_32_BIT_CONVERSION = YES;
				GCC_WARN_ABOUT_RETURN_TYPE = YES_ERROR;
				GCC_WARN_UNDECLARED_SELECTOR = YES;
				GCC_WARN_UNINITIALIZED_AUTOS = YES_AGGRESSIVE;
				GCC_WARN_UNUSED_FUNCTION = YES;
				GCC_WARN_UNUSED_VARIABLE = YES;
				IPHONEOS_DEPLOYMENT_TARGET = 8.3;
				MTL_ENABLE_DEBUG_INFO = NO;
				SDKROOT = iphoneos;
				VALIDATE_PRODUCT = YES;
			};
			name = Release;
		};
		1DAC38AE1BD3433700578AE3 /* Debug */ = {
			isa = XCBuildConfiguration;
			buildSettings = {
				ASSETCATALOG_COMPILER_APPICON_NAME = AppIcon;
				GCC_PREFIX_HEADER = "slyp/slyp-prefix.h";
				INFOPLIST_FILE = slyp/Info.plist;
				LD_RUNPATH_SEARCH_PATHS = "$(inherited) @executable_path/Frameworks";
				PRODUCT_NAME = "$(TARGET_NAME)";
			};
			name = Debug;
		};
		1DAC38AF1BD3433700578AE3 /* Release */ = {
			isa = XCBuildConfiguration;
			buildSettings = {
				ASSETCATALOG_COMPILER_APPICON_NAME = AppIcon;
				GCC_PREFIX_HEADER = "slyp/slyp-prefix.h";
				INFOPLIST_FILE = slyp/Info.plist;
				LD_RUNPATH_SEARCH_PATHS = "$(inherited) @executable_path/Frameworks";
				PRODUCT_NAME = "$(TARGET_NAME)";
			};
			name = Release;
		};
		1DAC38B11BD3433700578AE3 /* Debug */ = {
			isa = XCBuildConfiguration;
			buildSettings = {
				BUNDLE_LOADER = "$(TEST_HOST)";
				FRAMEWORK_SEARCH_PATHS = (
					"$(SDKROOT)/Developer/Library/Frameworks",
					"$(inherited)",
				);
				GCC_PREPROCESSOR_DEFINITIONS = (
					"DEBUG=1",
					"$(inherited)",
				);
				INFOPLIST_FILE = slypTests/Info.plist;
				LD_RUNPATH_SEARCH_PATHS = "$(inherited) @executable_path/Frameworks @loader_path/Frameworks";
				PRODUCT_NAME = "$(TARGET_NAME)";
				TEST_HOST = "$(BUILT_PRODUCTS_DIR)/slyp.app/slyp";
			};
			name = Debug;
		};
		1DAC38B21BD3433700578AE3 /* Release */ = {
			isa = XCBuildConfiguration;
			buildSettings = {
				BUNDLE_LOADER = "$(TEST_HOST)";
				FRAMEWORK_SEARCH_PATHS = (
					"$(SDKROOT)/Developer/Library/Frameworks",
					"$(inherited)",
				);
				INFOPLIST_FILE = slypTests/Info.plist;
				LD_RUNPATH_SEARCH_PATHS = "$(inherited) @executable_path/Frameworks @loader_path/Frameworks";
				PRODUCT_NAME = "$(TARGET_NAME)";
				TEST_HOST = "$(BUILT_PRODUCTS_DIR)/slyp.app/slyp";
			};
			name = Release;
		};
/* End XCBuildConfiguration section */

/* Begin XCConfigurationList section */
		1DAC38851BD3433600578AE3 /* Build configuration list for PBXProject "slyp" */ = {
			isa = XCConfigurationList;
			buildConfigurations = (
				1DAC38AB1BD3433700578AE3 /* Debug */,
				1DAC38AC1BD3433700578AE3 /* Release */,
			);
			defaultConfigurationIsVisible = 0;
			defaultConfigurationName = Release;
		};
		1DAC38AD1BD3433700578AE3 /* Build configuration list for PBXNativeTarget "slyp" */ = {
			isa = XCConfigurationList;
			buildConfigurations = (
				1DAC38AE1BD3433700578AE3 /* Debug */,
				1DAC38AF1BD3433700578AE3 /* Release */,
			);
			defaultConfigurationIsVisible = 0;
			defaultConfigurationName = Release;
		};
		1DAC38B01BD3433700578AE3 /* Build configuration list for PBXNativeTarget "slypTests" */ = {
			isa = XCConfigurationList;
			buildConfigurations = (
				1DAC38B11BD3433700578AE3 /* Debug */,
				1DAC38B21BD3433700578AE3 /* Release */,
			);
			defaultConfigurationIsVisible = 0;
			defaultConfigurationName = Release;
		};
/* End XCConfigurationList section */
	};
	rootObject = 1DAC38821BD3433600578AE3 /* Project object */;
}
